
Microsoft Visual Studio Solution File, Format Version 12.00
# Visual Studio Version 16
VisualStudioVersion = 16.0.29306.81
MinimumVisualStudioVersion = 10.0.40219.1
Project("{FAE04EC0-301F-11D3-BF4B-00C04F79EFBC}") = "Szallítmanyozo", "Szallítmanyozo.csproj", "{5D0447D7-CC2F-4B65-A7FE-18E3BDA4974C}"
EndProject
Global
	GlobalSection(SolutionConfigurationPlatforms) = preSolution
		Debug|Any CPU = Debug|Any CPU
		Release|Any CPU = Release|Any CPU
	EndGlobalSection
	GlobalSection(ProjectConfigurationPlatforms) = postSolution
		{5D0447D7-CC2F-4B65-A7FE-18E3BDA4974C}.Debug|Any CPU.ActiveCfg = Debug|Any CPU
		{5D0447D7-CC2F-4B65-A7FE-18E3BDA4974C}.Debug|Any CPU.Build.0 = Debug|Any CPU
		{5D0447D7-CC2F-4B65-A7FE-18E3BDA4974C}.Release|Any CPU.ActiveCfg = Release|Any CPU
		{5D0447D7-CC2F-4B65-A7FE-18E3BDA4974C}.Release|Any CPU.Build.0 = Release|Any CPU
	EndGlobalSection
	GlobalSection(SolutionProperties) = preSolution
		HideSolutionNode = FALSE
	EndGlobalSection
	GlobalSection(ExtensibilityGlobals) = postSolution
		SolutionGuid = {F97C55F0-E261-4C11-87D6-2E13AC5C27AD}
	EndGlobalSection
EndGlobal
